// !$*UTF8*$!
{
	archiveVersion = 1;
	classes = {
	};
	objectVersion = 51;
	objects = {

/* Begin PBXBuildFile section */
		8D35165526273AE80028DE7B /* BaseCellItemObject.swift in Sources */ = {isa = PBXBuildFile; fileRef = 8DB3A874262736A500751F49 /* BaseCellItemObject.swift */; };
		8D35165826273AF50028DE7B /* BaseSectionDataObject.swift in Sources */ = {isa = PBXBuildFile; fileRef = 8DB3A873262736A500751F49 /* BaseSectionDataObject.swift */; };
		8D35165B26273AF80028DE7B /* CellItemObject.swift in Sources */ = {isa = PBXBuildFile; fileRef = 8DB3A875262736A500751F49 /* CellItemObject.swift */; };
		8D3B19BB24A9289F00B0629E /* FirebaseManagementServices.swift in Sources */ = {isa = PBXBuildFile; fileRef = 8D3B19BA24A9289F00B0629E /* FirebaseManagementServices.swift */; };
		8D3B19DF24A9295F00B0629E /* Extensions.swift in Sources */ = {isa = PBXBuildFile; fileRef = 8D3B19C524A9295E00B0629E /* Extensions.swift */; };
		8D3B19E024A9295F00B0629E /* UserDefault.swift in Sources */ = {isa = PBXBuildFile; fileRef = 8D3B19C824A9295E00B0629E /* UserDefault.swift */; };
		8D3B19E124A9295F00B0629E /* UserDefaultSuit.swift in Sources */ = {isa = PBXBuildFile; fileRef = 8D3B19C924A9295E00B0629E /* UserDefaultSuit.swift */; };
		8D3B19E224A9295F00B0629E /* CodableUserDefaults.swift in Sources */ = {isa = PBXBuildFile; fileRef = 8D3B19CA24A9295E00B0629E /* CodableUserDefaults.swift */; };
		8D3B19E324A9295F00B0629E /* HTMLBuilder.swift in Sources */ = {isa = PBXBuildFile; fileRef = 8D3B19CC24A9295E00B0629E /* HTMLBuilder.swift */; };
		8D3B19E424A9295F00B0629E /* OptionalProtocol.swift in Sources */ = {isa = PBXBuildFile; fileRef = 8D3B19CE24A9295E00B0629E /* OptionalProtocol.swift */; };
		8D3B19E524A9295F00B0629E /* ReusableCell.swift in Sources */ = {isa = PBXBuildFile; fileRef = 8D3B19CF24A9295E00B0629E /* ReusableCell.swift */; };
		8D3B19E624A9295F00B0629E /* PropertyIteratable.swift in Sources */ = {isa = PBXBuildFile; fileRef = 8D3B19D024A9295E00B0629E /* PropertyIteratable.swift */; };
		8D3B19E824A9295F00B0629E /* Utils.swift in Sources */ = {isa = PBXBuildFile; fileRef = 8D3B19D224A9295E00B0629E /* Utils.swift */; };
		8D3B19E924A9295F00B0629E /* With.swift in Sources */ = {isa = PBXBuildFile; fileRef = 8D3B19D324A9295E00B0629E /* With.swift */; };
		8D3B19EA24A9295F00B0629E /* R+Extension.swift in Sources */ = {isa = PBXBuildFile; fileRef = 8D3B19D424A9295E00B0629E /* R+Extension.swift */; };
		8D3B19EC24A9295F00B0629E /* Lazy.swift in Sources */ = {isa = PBXBuildFile; fileRef = 8D3B19D624A9295E00B0629E /* Lazy.swift */; };
		8D3B19ED24A9295F00B0629E /* Reactive+Extension.swift in Sources */ = {isa = PBXBuildFile; fileRef = 8D3B19D724A9295E00B0629E /* Reactive+Extension.swift */; };
		8D4980CC2624A57200DA7E81 /* MapView.swift in Sources */ = {isa = PBXBuildFile; fileRef = 8D4980CB2624A57200DA7E81 /* MapView.swift */; };
		8D4980FA2624A64B00DA7E81 /* AppView.swift in Sources */ = {isa = PBXBuildFile; fileRef = 8D4980F62624A64B00DA7E81 /* AppView.swift */; };
		8D4980FC2624A64B00DA7E81 /* BaseView.swift in Sources */ = {isa = PBXBuildFile; fileRef = 8D4980F82624A64B00DA7E81 /* BaseView.swift */; };
		8D4980FD2624A64B00DA7E81 /* ChargeProgressView.swift in Sources */ = {isa = PBXBuildFile; fileRef = 8D4980F92624A64B00DA7E81 /* ChargeProgressView.swift */; };
		8D4981082624AEC600DA7E81 /* MapViewViewModel.swift in Sources */ = {isa = PBXBuildFile; fileRef = 8D4981072624AEC600DA7E81 /* MapViewViewModel.swift */; };
		8DAB116B24A930D100E56CE0 /* ChargerStationObject.swift in Sources */ = {isa = PBXBuildFile; fileRef = 8DAB116A24A930D100E56CE0 /* ChargerStationObject.swift */; };
		8DAB116D24AA0C5400E56CE0 /* ChargerStationAnnotation.swift in Sources */ = {isa = PBXBuildFile; fileRef = 8DAB116C24AA0C5400E56CE0 /* ChargerStationAnnotation.swift */; };
		8DB3A8582627356500751F49 /* LeftMenuViewCoordinator.swift in Sources */ = {isa = PBXBuildFile; fileRef = 8DB3A8552627356200751F49 /* LeftMenuViewCoordinator.swift */; };
		8DB3A8592627356500751F49 /* LeftMenuViewViewModel.swift in Sources */ = {isa = PBXBuildFile; fileRef = 8DB3A8562627356400751F49 /* LeftMenuViewViewModel.swift */; };
		8DB3A85A2627356500751F49 /* LeftMenuViewController.swift in Sources */ = {isa = PBXBuildFile; fileRef = 8DB3A8572627356500751F49 /* LeftMenuViewController.swift */; };
		8DB3A86C2627368600751F49 /* GenericCollectionViewCell.swift in Sources */ = {isa = PBXBuildFile; fileRef = 8DB3A8672627368600751F49 /* GenericCollectionViewCell.swift */; };
		8DB3A86D2627368600751F49 /* BaseTableViewCell.swift in Sources */ = {isa = PBXBuildFile; fileRef = 8DB3A8692627368600751F49 /* BaseTableViewCell.swift */; };
		8DB3A86E2627368600751F49 /* BaseCollectionViewCell.swift in Sources */ = {isa = PBXBuildFile; fileRef = 8DB3A86A2627368600751F49 /* BaseCollectionViewCell.swift */; };
		8DB3A86F2627368600751F49 /* GenericTableViewCell.swift in Sources */ = {isa = PBXBuildFile; fileRef = 8DB3A86B2627368600751F49 /* GenericTableViewCell.swift */; };
		8DB3A8A02627389B00751F49 /* CommonTableViewCell.swift in Sources */ = {isa = PBXBuildFile; fileRef = 8DB3A89F2627389B00751F49 /* CommonTableViewCell.swift */; };
		8DB3A8B82627391200751F49 /* CheckboxButton.swift in Sources */ = {isa = PBXBuildFile; fileRef = 8DB3A8AB2627390C00751F49 /* CheckboxButton.swift */; };
		8DB3A8B92627391200751F49 /* AppButton.swift in Sources */ = {isa = PBXBuildFile; fileRef = 8DB3A8AC2627390C00751F49 /* AppButton.swift */; };
		8DB3A8BA2627391200751F49 /* BaseButton.swift in Sources */ = {isa = PBXBuildFile; fileRef = 8DB3A8AD2627390C00751F49 /* BaseButton.swift */; };
		8DB3A8BB2627391200751F49 /* AppImageView.swift in Sources */ = {isa = PBXBuildFile; fileRef = 8DB3A8AF2627390E00751F49 /* AppImageView.swift */; };
		8DB3A8BC2627391200751F49 /* BaseImageView.swift in Sources */ = {isa = PBXBuildFile; fileRef = 8DB3A8B02627390E00751F49 /* BaseImageView.swift */; };
		8DB3A8BD2627391200751F49 /* PinTextField.swift in Sources */ = {isa = PBXBuildFile; fileRef = 8DB3A8B22627391000751F49 /* PinTextField.swift */; };
		8DB3A8BE2627391200751F49 /* AppTextField.swift in Sources */ = {isa = PBXBuildFile; fileRef = 8DB3A8B32627391000751F49 /* AppTextField.swift */; };
		8DB3A8BF2627391200751F49 /* BaseTextField.swift in Sources */ = {isa = PBXBuildFile; fileRef = 8DB3A8B42627391000751F49 /* BaseTextField.swift */; };
		8DB3A8C02627391200751F49 /* AppLabel.swift in Sources */ = {isa = PBXBuildFile; fileRef = 8DB3A8B62627391200751F49 /* AppLabel.swift */; };
		8DB3A8C12627391200751F49 /* BaseLabel.swift in Sources */ = {isa = PBXBuildFile; fileRef = 8DB3A8B72627391200751F49 /* BaseLabel.swift */; };
		8DB3A8C52627397600751F49 /* AppTextsStyle.swift in Sources */ = {isa = PBXBuildFile; fileRef = 8DB3A8C42627397600751F49 /* AppTextsStyle.swift */; };
		8DB655CC24A750B70075A330 /* AppCoordinator.swift in Sources */ = {isa = PBXBuildFile; fileRef = 8DB655AD24A750B60075A330 /* AppCoordinator.swift */; };
		8DB655CD24A750B70075A330 /* BaseViewModel.swift in Sources */ = {isa = PBXBuildFile; fileRef = 8DB655AE24A750B60075A330 /* BaseViewModel.swift */; };
		8DB655CE24A750B70075A330 /* Presentable.swift in Sources */ = {isa = PBXBuildFile; fileRef = 8DB655AF24A750B60075A330 /* Presentable.swift */; };
		8DB655CF24A750B70075A330 /* NavCoordinator.swift in Sources */ = {isa = PBXBuildFile; fileRef = 8DB655B024A750B60075A330 /* NavCoordinator.swift */; };
		8DB655D024A750B70075A330 /* BaseCoordinator.swift in Sources */ = {isa = PBXBuildFile; fileRef = 8DB655B124A750B60075A330 /* BaseCoordinator.swift */; };
		8DB655D124A750B70075A330 /* Coordinator.swift in Sources */ = {isa = PBXBuildFile; fileRef = 8DB655B224A750B60075A330 /* Coordinator.swift */; };
		8DB655D224A750B70075A330 /* BaseViewController.swift in Sources */ = {isa = PBXBuildFile; fileRef = 8DB655B424A750B60075A330 /* BaseViewController.swift */; };
		8DB655D324A750B70075A330 /* BaseNavigationController.swift in Sources */ = {isa = PBXBuildFile; fileRef = 8DB655B524A750B60075A330 /* BaseNavigationController.swift */; };
		8DB655EE24A753E40075A330 /* Services.swift in Sources */ = {isa = PBXBuildFile; fileRef = 8DB655E324A753E40075A330 /* Services.swift */; };
		8DB655EF24A753E40075A330 /* Context.swift in Sources */ = {isa = PBXBuildFile; fileRef = 8DB655E424A753E40075A330 /* Context.swift */; };
		8DB655F724A753E40075A330 /* LocationService.swift in Sources */ = {isa = PBXBuildFile; fileRef = 8DB655ED24A753E40075A330 /* LocationService.swift */; };
		8DB655FB24A754250075A330 /* LocationServices.swift in Sources */ = {isa = PBXBuildFile; fileRef = 8DB655F924A754250075A330 /* LocationServices.swift */; };
		8DB655FC24A754250075A330 /* LocationServiceProvider.swift in Sources */ = {isa = PBXBuildFile; fileRef = 8DB655FA24A754250075A330 /* LocationServiceProvider.swift */; };
		8DB6568624A758000075A330 /* Colors.xcassets in Resources */ = {isa = PBXBuildFile; fileRef = 8DB6566B24A757FF0075A330 /* Colors.xcassets */; };
		8DB6568724A758000075A330 /* Localizable.strings in Resources */ = {isa = PBXBuildFile; fileRef = 8DB6566D24A758000075A330 /* Localizable.strings */; };
		8DB6568824A758000075A330 /* Messages.strings in Resources */ = {isa = PBXBuildFile; fileRef = 8DB6566F24A758000075A330 /* Messages.strings */; };
		8DB6568924A758000075A330 /* Common.strings in Resources */ = {isa = PBXBuildFile; fileRef = 8DB6567124A758000075A330 /* Common.strings */; };
		8DB6568D24A758000075A330 /* countries.json in Resources */ = {isa = PBXBuildFile; fileRef = 8DB6567C24A758000075A330 /* countries.json */; };
		8DB6569524A8C7790075A330 /* R.generated.swift in Sources */ = {isa = PBXBuildFile; fileRef = 8DB6569424A8C7790075A330 /* R.generated.swift */; };
		8DB6569924A8D0FD0075A330 /* ChargerStation+CoreDataClass.swift in Sources */ = {isa = PBXBuildFile; fileRef = 8DB6569724A8D0FD0075A330 /* ChargerStation+CoreDataClass.swift */; };
		8DB6569A24A8D0FD0075A330 /* ChargerStation+CoreDataProperties.swift in Sources */ = {isa = PBXBuildFile; fileRef = 8DB6569824A8D0FD0075A330 /* ChargerStation+CoreDataProperties.swift */; };
		8DB656A424A8D2A50075A330 /* DatabaseServices.swift in Sources */ = {isa = PBXBuildFile; fileRef = 8DB6569D24A8D2A50075A330 /* DatabaseServices.swift */; };
		8DB656A524A8D2A50075A330 /* DatabaseTask.swift in Sources */ = {isa = PBXBuildFile; fileRef = 8DB6569E24A8D2A50075A330 /* DatabaseTask.swift */; };
		8DB656A724A8D2A50075A330 /* SaveRecipeTask.swift in Sources */ = {isa = PBXBuildFile; fileRef = 8DB656A224A8D2A50075A330 /* SaveRecipeTask.swift */; };
		8DB656A824A8D2A50075A330 /* DatabaseServiceProvider.swift in Sources */ = {isa = PBXBuildFile; fileRef = 8DB656A324A8D2A50075A330 /* DatabaseServiceProvider.swift */; };
		8DB656AE24A8D3100075A330 /* World+Setup.swift in Sources */ = {isa = PBXBuildFile; fileRef = 8DB656AA24A8D3100075A330 /* World+Setup.swift */; };
		8DB656B024A8D3100075A330 /* LoginSession.swift in Sources */ = {isa = PBXBuildFile; fileRef = 8DB656AC24A8D3100075A330 /* LoginSession.swift */; };
		8DB656B124A8D3100075A330 /* World.swift in Sources */ = {isa = PBXBuildFile; fileRef = 8DB656AD24A8D3100075A330 /* World.swift */; };
		8DB656B524A8D45E0075A330 /* Environment.swift in Sources */ = {isa = PBXBuildFile; fileRef = 8DB656B424A8D45E0075A330 /* Environment.swift */; };
		8DB656B724A8F3F00075A330 /* ChargerStationsManagementService.swift in Sources */ = {isa = PBXBuildFile; fileRef = 8DB656B624A8F3F00075A330 /* ChargerStationsManagementService.swift */; };
		8DB656B924A90CCA0075A330 /* FirestoreManagementService.swift in Sources */ = {isa = PBXBuildFile; fileRef = 8DB656B824A90CCA0075A330 /* FirestoreManagementService.swift */; };
		8DB656BC24A910440075A330 /* GoogleService-Info.plist in Resources */ = {isa = PBXBuildFile; fileRef = 8DB656BB24A910440075A330 /* GoogleService-Info.plist */; };
		8DB656C024A911A50075A330 /* FirebaseManagementServiceProvider.swift in Sources */ = {isa = PBXBuildFile; fileRef = 8DB656BF24A911A50075A330 /* FirebaseManagementServiceProvider.swift */; };
		8DC33ABB24A66DD600E404FD /* AppDelegate.swift in Sources */ = {isa = PBXBuildFile; fileRef = 8DC33ABA24A66DD600E404FD /* AppDelegate.swift */; };
		8DC33ABD24A66DD600E404FD /* SceneDelegate.swift in Sources */ = {isa = PBXBuildFile; fileRef = 8DC33ABC24A66DD600E404FD /* SceneDelegate.swift */; };
		8DC33ABF24A66DD600E404FD /* MainViewController.swift in Sources */ = {isa = PBXBuildFile; fileRef = 8DC33ABE24A66DD600E404FD /* MainViewController.swift */; };
		8DC33AC524A66DD600E404FD /* Plugs.xcdatamodeld in Sources */ = {isa = PBXBuildFile; fileRef = 8DC33AC324A66DD600E404FD /* Plugs.xcdatamodeld */; };
		8DC33AC724A66DDA00E404FD /* Assets.xcassets in Resources */ = {isa = PBXBuildFile; fileRef = 8DC33AC624A66DDA00E404FD /* Assets.xcassets */; };
		8DC33ACA24A66DDA00E404FD /* LaunchScreen.storyboard in Resources */ = {isa = PBXBuildFile; fileRef = 8DC33AC824A66DDA00E404FD /* LaunchScreen.storyboard */; };
		8DC33AD524A66DDA00E404FD /* PlugsTests.swift in Sources */ = {isa = PBXBuildFile; fileRef = 8DC33AD424A66DDA00E404FD /* PlugsTests.swift */; };
		8DC33AE024A74F8100E404FD /* MainViewViewModel.swift in Sources */ = {isa = PBXBuildFile; fileRef = 8DC33ADF24A74F8100E404FD /* MainViewViewModel.swift */; };
		8DC33AE424A74FA700E404FD /* MainViewCoordinator.swift in Sources */ = {isa = PBXBuildFile; fileRef = 8DC33AE324A74FA700E404FD /* MainViewCoordinator.swift */; };
		8EE9B8ED6FCF3BF21F4470A5 /* Pods_PlugsTests.framework in Frameworks */ = {isa = PBXBuildFile; fileRef = B634B2B23D7E77896B62618C /* Pods_PlugsTests.framework */; };
		B099B7DF66E2DAF350EB325A /* Pods_Plugs.framework in Frameworks */ = {isa = PBXBuildFile; fileRef = 1226A335C95A0A5ACBCD2621 /* Pods_Plugs.framework */; };
/* End PBXBuildFile section */

/* Begin PBXContainerItemProxy section */
		8DC33AD124A66DDA00E404FD /* PBXContainerItemProxy */ = {
			isa = PBXContainerItemProxy;
			containerPortal = 8DC33AAF24A66DD600E404FD /* Project object */;
			proxyType = 1;
			remoteGlobalIDString = 8DC33AB624A66DD600E404FD;
			remoteInfo = Plugs;
		};
/* End PBXContainerItemProxy section */

/* Begin PBXFileReference section */
		1226A335C95A0A5ACBCD2621 /* Pods_Plugs.framework */ = {isa = PBXFileReference; explicitFileType = wrapper.framework; includeInIndex = 0; path = Pods_Plugs.framework; sourceTree = BUILT_PRODUCTS_DIR; };
		3FBC0C897F401BBB2EB6941A /* Pods-Plugs.release.xcconfig */ = {isa = PBXFileReference; includeInIndex = 1; lastKnownFileType = text.xcconfig; name = "Pods-Plugs.release.xcconfig"; path = "Target Support Files/Pods-Plugs/Pods-Plugs.release.xcconfig"; sourceTree = "<group>"; };
		4052F17CD2270C59FFF04F97 /* Pods-PlugsTests.release.xcconfig */ = {isa = PBXFileReference; includeInIndex = 1; lastKnownFileType = text.xcconfig; name = "Pods-PlugsTests.release.xcconfig"; path = "Target Support Files/Pods-PlugsTests/Pods-PlugsTests.release.xcconfig"; sourceTree = "<group>"; };
		8D3B19BA24A9289F00B0629E /* FirebaseManagementServices.swift */ = {isa = PBXFileReference; lastKnownFileType = sourcecode.swift; path = FirebaseManagementServices.swift; sourceTree = "<group>"; };
		8D3B19C524A9295E00B0629E /* Extensions.swift */ = {isa = PBXFileReference; fileEncoding = 4; lastKnownFileType = sourcecode.swift; path = Extensions.swift; sourceTree = "<group>"; };
		8D3B19C824A9295E00B0629E /* UserDefault.swift */ = {isa = PBXFileReference; fileEncoding = 4; lastKnownFileType = sourcecode.swift; path = UserDefault.swift; sourceTree = "<group>"; };
		8D3B19C924A9295E00B0629E /* UserDefaultSuit.swift */ = {isa = PBXFileReference; fileEncoding = 4; lastKnownFileType = sourcecode.swift; path = UserDefaultSuit.swift; sourceTree = "<group>"; };
		8D3B19CA24A9295E00B0629E /* CodableUserDefaults.swift */ = {isa = PBXFileReference; fileEncoding = 4; lastKnownFileType = sourcecode.swift; path = CodableUserDefaults.swift; sourceTree = "<group>"; };
		8D3B19CC24A9295E00B0629E /* HTMLBuilder.swift */ = {isa = PBXFileReference; fileEncoding = 4; lastKnownFileType = sourcecode.swift; path = HTMLBuilder.swift; sourceTree = "<group>"; };
		8D3B19CE24A9295E00B0629E /* OptionalProtocol.swift */ = {isa = PBXFileReference; fileEncoding = 4; lastKnownFileType = sourcecode.swift; path = OptionalProtocol.swift; sourceTree = "<group>"; };
		8D3B19CF24A9295E00B0629E /* ReusableCell.swift */ = {isa = PBXFileReference; fileEncoding = 4; lastKnownFileType = sourcecode.swift; path = ReusableCell.swift; sourceTree = "<group>"; };
		8D3B19D024A9295E00B0629E /* PropertyIteratable.swift */ = {isa = PBXFileReference; fileEncoding = 4; lastKnownFileType = sourcecode.swift; path = PropertyIteratable.swift; sourceTree = "<group>"; };
		8D3B19D224A9295E00B0629E /* Utils.swift */ = {isa = PBXFileReference; fileEncoding = 4; lastKnownFileType = sourcecode.swift; path = Utils.swift; sourceTree = "<group>"; };
		8D3B19D324A9295E00B0629E /* With.swift */ = {isa = PBXFileReference; fileEncoding = 4; lastKnownFileType = sourcecode.swift; path = With.swift; sourceTree = "<group>"; };
		8D3B19D424A9295E00B0629E /* R+Extension.swift */ = {isa = PBXFileReference; fileEncoding = 4; lastKnownFileType = sourcecode.swift; path = "R+Extension.swift"; sourceTree = "<group>"; };
		8D3B19D624A9295E00B0629E /* Lazy.swift */ = {isa = PBXFileReference; fileEncoding = 4; lastKnownFileType = sourcecode.swift; path = Lazy.swift; sourceTree = "<group>"; };
		8D3B19D724A9295E00B0629E /* Reactive+Extension.swift */ = {isa = PBXFileReference; fileEncoding = 4; lastKnownFileType = sourcecode.swift; path = "Reactive+Extension.swift"; sourceTree = "<group>"; };
		8D4980CB2624A57200DA7E81 /* MapView.swift */ = {isa = PBXFileReference; lastKnownFileType = sourcecode.swift; path = MapView.swift; sourceTree = "<group>"; };
		8D4980F62624A64B00DA7E81 /* AppView.swift */ = {isa = PBXFileReference; fileEncoding = 4; lastKnownFileType = sourcecode.swift; path = AppView.swift; sourceTree = "<group>"; };
		8D4980F82624A64B00DA7E81 /* BaseView.swift */ = {isa = PBXFileReference; fileEncoding = 4; lastKnownFileType = sourcecode.swift; path = BaseView.swift; sourceTree = "<group>"; };
		8D4980F92624A64B00DA7E81 /* ChargeProgressView.swift */ = {isa = PBXFileReference; fileEncoding = 4; lastKnownFileType = sourcecode.swift; path = ChargeProgressView.swift; sourceTree = "<group>"; };
		8D4981072624AEC600DA7E81 /* MapViewViewModel.swift */ = {isa = PBXFileReference; lastKnownFileType = sourcecode.swift; path = MapViewViewModel.swift; sourceTree = "<group>"; };
		8DAB116A24A930D100E56CE0 /* ChargerStationObject.swift */ = {isa = PBXFileReference; lastKnownFileType = sourcecode.swift; path = ChargerStationObject.swift; sourceTree = "<group>"; };
		8DAB116C24AA0C5400E56CE0 /* ChargerStationAnnotation.swift */ = {isa = PBXFileReference; lastKnownFileType = sourcecode.swift; path = ChargerStationAnnotation.swift; sourceTree = "<group>"; };
		8DB3A8552627356200751F49 /* LeftMenuViewCoordinator.swift */ = {isa = PBXFileReference; fileEncoding = 4; lastKnownFileType = sourcecode.swift; path = LeftMenuViewCoordinator.swift; sourceTree = "<group>"; };
		8DB3A8562627356400751F49 /* LeftMenuViewViewModel.swift */ = {isa = PBXFileReference; fileEncoding = 4; lastKnownFileType = sourcecode.swift; path = LeftMenuViewViewModel.swift; sourceTree = "<group>"; };
		8DB3A8572627356500751F49 /* LeftMenuViewController.swift */ = {isa = PBXFileReference; fileEncoding = 4; lastKnownFileType = sourcecode.swift; path = LeftMenuViewController.swift; sourceTree = "<group>"; };
		8DB3A8672627368600751F49 /* GenericCollectionViewCell.swift */ = {isa = PBXFileReference; fileEncoding = 4; lastKnownFileType = sourcecode.swift; path = GenericCollectionViewCell.swift; sourceTree = "<group>"; };
		8DB3A8692627368600751F49 /* BaseTableViewCell.swift */ = {isa = PBXFileReference; fileEncoding = 4; lastKnownFileType = sourcecode.swift; path = BaseTableViewCell.swift; sourceTree = "<group>"; };
		8DB3A86A2627368600751F49 /* BaseCollectionViewCell.swift */ = {isa = PBXFileReference; fileEncoding = 4; lastKnownFileType = sourcecode.swift; path = BaseCollectionViewCell.swift; sourceTree = "<group>"; };
		8DB3A86B2627368600751F49 /* GenericTableViewCell.swift */ = {isa = PBXFileReference; fileEncoding = 4; lastKnownFileType = sourcecode.swift; path = GenericTableViewCell.swift; sourceTree = "<group>"; };
		8DB3A873262736A500751F49 /* BaseSectionDataObject.swift */ = {isa = PBXFileReference; lastKnownFileType = sourcecode.swift; path = BaseSectionDataObject.swift; sourceTree = "<group>"; };
		8DB3A874262736A500751F49 /* BaseCellItemObject.swift */ = {isa = PBXFileReference; lastKnownFileType = sourcecode.swift; path = BaseCellItemObject.swift; sourceTree = "<group>"; };
		8DB3A875262736A500751F49 /* CellItemObject.swift */ = {isa = PBXFileReference; lastKnownFileType = sourcecode.swift; path = CellItemObject.swift; sourceTree = "<group>"; };
		8DB3A89F2627389B00751F49 /* CommonTableViewCell.swift */ = {isa = PBXFileReference; fileEncoding = 4; lastKnownFileType = sourcecode.swift; path = CommonTableViewCell.swift; sourceTree = "<group>"; };
		8DB3A8AB2627390C00751F49 /* CheckboxButton.swift */ = {isa = PBXFileReference; fileEncoding = 4; lastKnownFileType = sourcecode.swift; path = CheckboxButton.swift; sourceTree = "<group>"; };
		8DB3A8AC2627390C00751F49 /* AppButton.swift */ = {isa = PBXFileReference; fileEncoding = 4; lastKnownFileType = sourcecode.swift; path = AppButton.swift; sourceTree = "<group>"; };
		8DB3A8AD2627390C00751F49 /* BaseButton.swift */ = {isa = PBXFileReference; fileEncoding = 4; lastKnownFileType = sourcecode.swift; path = BaseButton.swift; sourceTree = "<group>"; };
		8DB3A8AF2627390E00751F49 /* AppImageView.swift */ = {isa = PBXFileReference; fileEncoding = 4; lastKnownFileType = sourcecode.swift; path = AppImageView.swift; sourceTree = "<group>"; };
		8DB3A8B02627390E00751F49 /* BaseImageView.swift */ = {isa = PBXFileReference; fileEncoding = 4; lastKnownFileType = sourcecode.swift; path = BaseImageView.swift; sourceTree = "<group>"; };
		8DB3A8B22627391000751F49 /* PinTextField.swift */ = {isa = PBXFileReference; fileEncoding = 4; lastKnownFileType = sourcecode.swift; path = PinTextField.swift; sourceTree = "<group>"; };
		8DB3A8B32627391000751F49 /* AppTextField.swift */ = {isa = PBXFileReference; fileEncoding = 4; lastKnownFileType = sourcecode.swift; path = AppTextField.swift; sourceTree = "<group>"; };
		8DB3A8B42627391000751F49 /* BaseTextField.swift */ = {isa = PBXFileReference; fileEncoding = 4; lastKnownFileType = sourcecode.swift; path = BaseTextField.swift; sourceTree = "<group>"; };
		8DB3A8B62627391200751F49 /* AppLabel.swift */ = {isa = PBXFileReference; fileEncoding = 4; lastKnownFileType = sourcecode.swift; path = AppLabel.swift; sourceTree = "<group>"; };
		8DB3A8B72627391200751F49 /* BaseLabel.swift */ = {isa = PBXFileReference; fileEncoding = 4; lastKnownFileType = sourcecode.swift; path = BaseLabel.swift; sourceTree = "<group>"; };
		8DB3A8C42627397600751F49 /* AppTextsStyle.swift */ = {isa = PBXFileReference; fileEncoding = 4; lastKnownFileType = sourcecode.swift; path = AppTextsStyle.swift; sourceTree = "<group>"; };
		8DB655AD24A750B60075A330 /* AppCoordinator.swift */ = {isa = PBXFileReference; fileEncoding = 4; lastKnownFileType = sourcecode.swift; path = AppCoordinator.swift; sourceTree = "<group>"; };
		8DB655AE24A750B60075A330 /* BaseViewModel.swift */ = {isa = PBXFileReference; fileEncoding = 4; lastKnownFileType = sourcecode.swift; path = BaseViewModel.swift; sourceTree = "<group>"; };
		8DB655AF24A750B60075A330 /* Presentable.swift */ = {isa = PBXFileReference; fileEncoding = 4; lastKnownFileType = sourcecode.swift; path = Presentable.swift; sourceTree = "<group>"; };
		8DB655B024A750B60075A330 /* NavCoordinator.swift */ = {isa = PBXFileReference; fileEncoding = 4; lastKnownFileType = sourcecode.swift; path = NavCoordinator.swift; sourceTree = "<group>"; };
		8DB655B124A750B60075A330 /* BaseCoordinator.swift */ = {isa = PBXFileReference; fileEncoding = 4; lastKnownFileType = sourcecode.swift; path = BaseCoordinator.swift; sourceTree = "<group>"; };
		8DB655B224A750B60075A330 /* Coordinator.swift */ = {isa = PBXFileReference; fileEncoding = 4; lastKnownFileType = sourcecode.swift; path = Coordinator.swift; sourceTree = "<group>"; };
		8DB655B424A750B60075A330 /* BaseViewController.swift */ = {isa = PBXFileReference; fileEncoding = 4; lastKnownFileType = sourcecode.swift; path = BaseViewController.swift; sourceTree = "<group>"; };
		8DB655B524A750B60075A330 /* BaseNavigationController.swift */ = {isa = PBXFileReference; fileEncoding = 4; lastKnownFileType = sourcecode.swift; path = BaseNavigationController.swift; sourceTree = "<group>"; };
		8DB655E324A753E40075A330 /* Services.swift */ = {isa = PBXFileReference; fileEncoding = 4; lastKnownFileType = sourcecode.swift; path = Services.swift; sourceTree = "<group>"; };
		8DB655E424A753E40075A330 /* Context.swift */ = {isa = PBXFileReference; fileEncoding = 4; lastKnownFileType = sourcecode.swift; path = Context.swift; sourceTree = "<group>"; };
		8DB655ED24A753E40075A330 /* LocationService.swift */ = {isa = PBXFileReference; fileEncoding = 4; lastKnownFileType = sourcecode.swift; path = LocationService.swift; sourceTree = "<group>"; };
		8DB655F924A754250075A330 /* LocationServices.swift */ = {isa = PBXFileReference; fileEncoding = 4; lastKnownFileType = sourcecode.swift; path = LocationServices.swift; sourceTree = "<group>"; };
		8DB655FA24A754250075A330 /* LocationServiceProvider.swift */ = {isa = PBXFileReference; fileEncoding = 4; lastKnownFileType = sourcecode.swift; path = LocationServiceProvider.swift; sourceTree = "<group>"; };
		8DB6566B24A757FF0075A330 /* Colors.xcassets */ = {isa = PBXFileReference; lastKnownFileType = folder.assetcatalog; path = Colors.xcassets; sourceTree = "<group>"; };
		8DB6566E24A758000075A330 /* en */ = {isa = PBXFileReference; lastKnownFileType = text.plist.strings; name = en; path = en.lproj/Localizable.strings; sourceTree = "<group>"; };
		8DB6567024A758000075A330 /* en */ = {isa = PBXFileReference; lastKnownFileType = text.plist.strings; name = en; path = en.lproj/Messages.strings; sourceTree = "<group>"; };
		8DB6567224A758000075A330 /* en */ = {isa = PBXFileReference; lastKnownFileType = text.plist.strings; name = en; path = en.lproj/Common.strings; sourceTree = "<group>"; };
		8DB6567324A758000075A330 /* hy */ = {isa = PBXFileReference; lastKnownFileType = text.plist.strings; name = hy; path = hy.lproj/Localizable.strings; sourceTree = "<group>"; };
		8DB6567424A758000075A330 /* hy */ = {isa = PBXFileReference; lastKnownFileType = text.plist.strings; name = hy; path = hy.lproj/Messages.strings; sourceTree = "<group>"; };
		8DB6567524A758000075A330 /* hy */ = {isa = PBXFileReference; lastKnownFileType = text.plist.strings; name = hy; path = hy.lproj/Common.strings; sourceTree = "<group>"; };
		8DB6567624A758000075A330 /* ru */ = {isa = PBXFileReference; lastKnownFileType = text.plist.strings; name = ru; path = ru.lproj/Localizable.strings; sourceTree = "<group>"; };
		8DB6567724A758000075A330 /* ru */ = {isa = PBXFileReference; lastKnownFileType = text.plist.strings; name = ru; path = ru.lproj/Messages.strings; sourceTree = "<group>"; };
		8DB6567824A758000075A330 /* ru */ = {isa = PBXFileReference; lastKnownFileType = text.plist.strings; name = ru; path = ru.lproj/Common.strings; sourceTree = "<group>"; };
		8DB6567C24A758000075A330 /* countries.json */ = {isa = PBXFileReference; fileEncoding = 4; lastKnownFileType = text.json; path = countries.json; sourceTree = "<group>"; };
		8DB6569424A8C7790075A330 /* R.generated.swift */ = {isa = PBXFileReference; fileEncoding = 4; lastKnownFileType = sourcecode.swift; path = R.generated.swift; sourceTree = "<group>"; };
		8DB6569724A8D0FD0075A330 /* ChargerStation+CoreDataClass.swift */ = {isa = PBXFileReference; fileEncoding = 4; lastKnownFileType = sourcecode.swift; path = "ChargerStation+CoreDataClass.swift"; sourceTree = "<group>"; };
		8DB6569824A8D0FD0075A330 /* ChargerStation+CoreDataProperties.swift */ = {isa = PBXFileReference; fileEncoding = 4; lastKnownFileType = sourcecode.swift; path = "ChargerStation+CoreDataProperties.swift"; sourceTree = "<group>"; };
		8DB6569D24A8D2A50075A330 /* DatabaseServices.swift */ = {isa = PBXFileReference; fileEncoding = 4; lastKnownFileType = sourcecode.swift; path = DatabaseServices.swift; sourceTree = "<group>"; };
		8DB6569E24A8D2A50075A330 /* DatabaseTask.swift */ = {isa = PBXFileReference; fileEncoding = 4; lastKnownFileType = sourcecode.swift; path = DatabaseTask.swift; sourceTree = "<group>"; };
		8DB656A224A8D2A50075A330 /* SaveRecipeTask.swift */ = {isa = PBXFileReference; fileEncoding = 4; lastKnownFileType = sourcecode.swift; path = SaveRecipeTask.swift; sourceTree = "<group>"; };
		8DB656A324A8D2A50075A330 /* DatabaseServiceProvider.swift */ = {isa = PBXFileReference; fileEncoding = 4; lastKnownFileType = sourcecode.swift; path = DatabaseServiceProvider.swift; sourceTree = "<group>"; };
		8DB656AA24A8D3100075A330 /* World+Setup.swift */ = {isa = PBXFileReference; fileEncoding = 4; lastKnownFileType = sourcecode.swift; path = "World+Setup.swift"; sourceTree = "<group>"; };
		8DB656AC24A8D3100075A330 /* LoginSession.swift */ = {isa = PBXFileReference; fileEncoding = 4; lastKnownFileType = sourcecode.swift; path = LoginSession.swift; sourceTree = "<group>"; };
		8DB656AD24A8D3100075A330 /* World.swift */ = {isa = PBXFileReference; fileEncoding = 4; lastKnownFileType = sourcecode.swift; path = World.swift; sourceTree = "<group>"; };
		8DB656B424A8D45E0075A330 /* Environment.swift */ = {isa = PBXFileReference; fileEncoding = 4; lastKnownFileType = sourcecode.swift; path = Environment.swift; sourceTree = "<group>"; };
		8DB656B624A8F3F00075A330 /* ChargerStationsManagementService.swift */ = {isa = PBXFileReference; lastKnownFileType = sourcecode.swift; path = ChargerStationsManagementService.swift; sourceTree = "<group>"; };
		8DB656B824A90CCA0075A330 /* FirestoreManagementService.swift */ = {isa = PBXFileReference; lastKnownFileType = sourcecode.swift; path = FirestoreManagementService.swift; sourceTree = "<group>"; };
		8DB656BB24A910440075A330 /* GoogleService-Info.plist */ = {isa = PBXFileReference; fileEncoding = 4; lastKnownFileType = text.plist.xml; path = "GoogleService-Info.plist"; sourceTree = "<group>"; };
		8DB656BF24A911A50075A330 /* FirebaseManagementServiceProvider.swift */ = {isa = PBXFileReference; lastKnownFileType = sourcecode.swift; path = FirebaseManagementServiceProvider.swift; sourceTree = "<group>"; };
		8DC33AB724A66DD600E404FD /* Plugs.app */ = {isa = PBXFileReference; explicitFileType = wrapper.application; includeInIndex = 0; path = Plugs.app; sourceTree = BUILT_PRODUCTS_DIR; };
		8DC33ABA24A66DD600E404FD /* AppDelegate.swift */ = {isa = PBXFileReference; lastKnownFileType = sourcecode.swift; path = AppDelegate.swift; sourceTree = "<group>"; };
		8DC33ABC24A66DD600E404FD /* SceneDelegate.swift */ = {isa = PBXFileReference; lastKnownFileType = sourcecode.swift; path = SceneDelegate.swift; sourceTree = "<group>"; };
		8DC33ABE24A66DD600E404FD /* MainViewController.swift */ = {isa = PBXFileReference; lastKnownFileType = sourcecode.swift; path = MainViewController.swift; sourceTree = "<group>"; };
		8DC33AC424A66DD600E404FD /* Plugs.xcdatamodel */ = {isa = PBXFileReference; lastKnownFileType = wrapper.xcdatamodel; path = Plugs.xcdatamodel; sourceTree = "<group>"; };
		8DC33AC624A66DDA00E404FD /* Assets.xcassets */ = {isa = PBXFileReference; lastKnownFileType = folder.assetcatalog; path = Assets.xcassets; sourceTree = "<group>"; };
		8DC33AC924A66DDA00E404FD /* Base */ = {isa = PBXFileReference; lastKnownFileType = file.storyboard; name = Base; path = Base.lproj/LaunchScreen.storyboard; sourceTree = "<group>"; };
		8DC33ACB24A66DDA00E404FD /* Info.plist */ = {isa = PBXFileReference; lastKnownFileType = text.plist.xml; path = Info.plist; sourceTree = "<group>"; };
		8DC33AD024A66DDA00E404FD /* PlugsTests.xctest */ = {isa = PBXFileReference; explicitFileType = wrapper.cfbundle; includeInIndex = 0; path = PlugsTests.xctest; sourceTree = BUILT_PRODUCTS_DIR; };
		8DC33AD424A66DDA00E404FD /* PlugsTests.swift */ = {isa = PBXFileReference; lastKnownFileType = sourcecode.swift; path = PlugsTests.swift; sourceTree = "<group>"; };
		8DC33AD624A66DDA00E404FD /* Info.plist */ = {isa = PBXFileReference; lastKnownFileType = text.plist.xml; path = Info.plist; sourceTree = "<group>"; };
		8DC33ADF24A74F8100E404FD /* MainViewViewModel.swift */ = {isa = PBXFileReference; lastKnownFileType = sourcecode.swift; path = MainViewViewModel.swift; sourceTree = "<group>"; };
		8DC33AE324A74FA700E404FD /* MainViewCoordinator.swift */ = {isa = PBXFileReference; lastKnownFileType = sourcecode.swift; path = MainViewCoordinator.swift; sourceTree = "<group>"; };
		B3B1BE246852C00AD9F78372 /* Pods-Plugs.debug.xcconfig */ = {isa = PBXFileReference; includeInIndex = 1; lastKnownFileType = text.xcconfig; name = "Pods-Plugs.debug.xcconfig"; path = "Target Support Files/Pods-Plugs/Pods-Plugs.debug.xcconfig"; sourceTree = "<group>"; };
		B634B2B23D7E77896B62618C /* Pods_PlugsTests.framework */ = {isa = PBXFileReference; explicitFileType = wrapper.framework; includeInIndex = 0; path = Pods_PlugsTests.framework; sourceTree = BUILT_PRODUCTS_DIR; };
		F758CB226629B6E63C25C86E /* Pods-PlugsTests.debug.xcconfig */ = {isa = PBXFileReference; includeInIndex = 1; lastKnownFileType = text.xcconfig; name = "Pods-PlugsTests.debug.xcconfig"; path = "Target Support Files/Pods-PlugsTests/Pods-PlugsTests.debug.xcconfig"; sourceTree = "<group>"; };
/* End PBXFileReference section */

/* Begin PBXFrameworksBuildPhase section */
		8DC33AB424A66DD600E404FD /* Frameworks */ = {
			isa = PBXFrameworksBuildPhase;
			buildActionMask = 2147483647;
			files = (
				B099B7DF66E2DAF350EB325A /* Pods_Plugs.framework in Frameworks */,
			);
			runOnlyForDeploymentPostprocessing = 0;
		};
		8DC33ACD24A66DDA00E404FD /* Frameworks */ = {
			isa = PBXFrameworksBuildPhase;
			buildActionMask = 2147483647;
			files = (
				8EE9B8ED6FCF3BF21F4470A5 /* Pods_PlugsTests.framework in Frameworks */,
			);
			runOnlyForDeploymentPostprocessing = 0;
		};
/* End PBXFrameworksBuildPhase section */

/* Begin PBXGroup section */
		8D3B19BC24A9295E00B0629E /* Utilities */ = {
			isa = PBXGroup;
			children = (
				8DB3A8C82627397B00751F49 /* Styles */,
				8D3B19C624A9295E00B0629E /* Components */,
				8D3B19D224A9295E00B0629E /* Utils.swift */,
				8D3B19C524A9295E00B0629E /* Extensions.swift */,
				8D3B19D324A9295E00B0629E /* With.swift */,
				8D3B19D424A9295E00B0629E /* R+Extension.swift */,
				8D3B19D624A9295E00B0629E /* Lazy.swift */,
				8D3B19D724A9295E00B0629E /* Reactive+Extension.swift */,
			);
			path = Utilities;
			sourceTree = "<group>";
		};
		8D3B19C624A9295E00B0629E /* Components */ = {
			isa = PBXGroup;
			children = (
				8D3B19C724A9295E00B0629E /* UserDefaults */,
				8D3B19CB24A9295E00B0629E /* HTMLBuilder */,
				8D3B19CD24A9295E00B0629E /* Protocols */,
			);
			path = Components;
			sourceTree = "<group>";
		};
		8D3B19C724A9295E00B0629E /* UserDefaults */ = {
			isa = PBXGroup;
			children = (
				8D3B19C824A9295E00B0629E /* UserDefault.swift */,
				8D3B19C924A9295E00B0629E /* UserDefaultSuit.swift */,
				8D3B19CA24A9295E00B0629E /* CodableUserDefaults.swift */,
			);
			path = UserDefaults;
			sourceTree = "<group>";
		};
		8D3B19CB24A9295E00B0629E /* HTMLBuilder */ = {
			isa = PBXGroup;
			children = (
				8D3B19CC24A9295E00B0629E /* HTMLBuilder.swift */,
			);
			path = HTMLBuilder;
			sourceTree = "<group>";
		};
		8D3B19CD24A9295E00B0629E /* Protocols */ = {
			isa = PBXGroup;
			children = (
				8D3B19CE24A9295E00B0629E /* OptionalProtocol.swift */,
				8D3B19CF24A9295E00B0629E /* ReusableCell.swift */,
				8D3B19D024A9295E00B0629E /* PropertyIteratable.swift */,
			);
			path = Protocols;
			sourceTree = "<group>";
		};
		8D3B19EE24A92F9400B0629E /* Model */ = {
			isa = PBXGroup;
			children = (
				8DB3A872262736A500751F49 /* CellItemObjects */,
				8DB6569624A8D0FD0075A330 /* NSManagedObjects */,
				8DAB116A24A930D100E56CE0 /* ChargerStationObject.swift */,
			);
			path = Model;
			sourceTree = "<group>";
		};
		8D4980CF2624A59600DA7E81 /* BaseView */ = {
			isa = PBXGroup;
			children = (
				8DB3A8AA2627390C00751F49 /* BaseButton */,
				8DB3A8AE2627390E00751F49 /* BaseImageView */,
				8DB3A8B52627391200751F49 /* BaseLabel */,
				8DB3A8B12627391000751F49 /* BaseTextFields */,
				8DB3A8662627368600751F49 /* GenericCell */,
				8D4980F62624A64B00DA7E81 /* AppView.swift */,
				8D4980F82624A64B00DA7E81 /* BaseView.swift */,
				8D4980F92624A64B00DA7E81 /* ChargeProgressView.swift */,
			);
			path = BaseView;
			sourceTree = "<group>";
		};
		8D4981062624AEA700DA7E81 /* MapView */ = {
			isa = PBXGroup;
			children = (
				8D4980CB2624A57200DA7E81 /* MapView.swift */,
				8D4981072624AEC600DA7E81 /* MapViewViewModel.swift */,
			);
			path = MapView;
			sourceTree = "<group>";
		};
		8DAB116E24AA0C5B00E56CE0 /* Views */ = {
			isa = PBXGroup;
			children = (
				8D4981062624AEA700DA7E81 /* MapView */,
				8DAB116C24AA0C5400E56CE0 /* ChargerStationAnnotation.swift */,
			);
			path = Views;
			sourceTree = "<group>";
		};
		8DB3A85D2627356A00751F49 /* LeftMenuView */ = {
			isa = PBXGroup;
			children = (
				8DB3A8572627356500751F49 /* LeftMenuViewController.swift */,
				8DB3A8562627356400751F49 /* LeftMenuViewViewModel.swift */,
				8DB3A8552627356200751F49 /* LeftMenuViewCoordinator.swift */,
			);
			name = LeftMenuView;
			path = MainView/LeftMenuView;
			sourceTree = "<group>";
		};
		8DB3A8662627368600751F49 /* GenericCell */ = {
			isa = PBXGroup;
			children = (
				8DB3A8682627368600751F49 /* BaseTableViewCell */,
				8DB3A8672627368600751F49 /* GenericCollectionViewCell.swift */,
				8DB3A86B2627368600751F49 /* GenericTableViewCell.swift */,
			);
			path = GenericCell;
			sourceTree = "<group>";
		};
		8DB3A8682627368600751F49 /* BaseTableViewCell */ = {
			isa = PBXGroup;
			children = (
				8DB3A8692627368600751F49 /* BaseTableViewCell.swift */,
				8DB3A86A2627368600751F49 /* BaseCollectionViewCell.swift */,
			);
			path = BaseTableViewCell;
			sourceTree = "<group>";
		};
		8DB3A872262736A500751F49 /* CellItemObjects */ = {
			isa = PBXGroup;
			children = (
				8DB3A873262736A500751F49 /* BaseSectionDataObject.swift */,
				8DB3A874262736A500751F49 /* BaseCellItemObject.swift */,
				8DB3A875262736A500751F49 /* CellItemObject.swift */,
			);
			path = CellItemObjects;
			sourceTree = "<group>";
		};
		8DB3A89E2627389B00751F49 /* CommonCells */ = {
			isa = PBXGroup;
			children = (
				8DB3A89F2627389B00751F49 /* CommonTableViewCell.swift */,
			);
			path = CommonCells;
			sourceTree = "<group>";
		};
		8DB3A8A3262738A100751F49 /* CommonViews */ = {
			isa = PBXGroup;
			children = (
				8DB3A89E2627389B00751F49 /* CommonCells */,
			);
			path = CommonViews;
			sourceTree = "<group>";
		};
		8DB3A8AA2627390C00751F49 /* BaseButton */ = {
			isa = PBXGroup;
			children = (
				8DB3A8AB2627390C00751F49 /* CheckboxButton.swift */,
				8DB3A8AC2627390C00751F49 /* AppButton.swift */,
				8DB3A8AD2627390C00751F49 /* BaseButton.swift */,
			);
			path = BaseButton;
			sourceTree = "<group>";
		};
		8DB3A8AE2627390E00751F49 /* BaseImageView */ = {
			isa = PBXGroup;
			children = (
				8DB3A8AF2627390E00751F49 /* AppImageView.swift */,
				8DB3A8B02627390E00751F49 /* BaseImageView.swift */,
			);
			path = BaseImageView;
			sourceTree = "<group>";
		};
		8DB3A8B12627391000751F49 /* BaseTextFields */ = {
			isa = PBXGroup;
			children = (
				8DB3A8B22627391000751F49 /* PinTextField.swift */,
				8DB3A8B32627391000751F49 /* AppTextField.swift */,
				8DB3A8B42627391000751F49 /* BaseTextField.swift */,
			);
			path = BaseTextFields;
			sourceTree = "<group>";
		};
		8DB3A8B52627391200751F49 /* BaseLabel */ = {
			isa = PBXGroup;
			children = (
				8DB3A8B62627391200751F49 /* AppLabel.swift */,
				8DB3A8B72627391200751F49 /* BaseLabel.swift */,
			);
			path = BaseLabel;
			sourceTree = "<group>";
		};
		8DB3A8C82627397B00751F49 /* Styles */ = {
			isa = PBXGroup;
			children = (
				8DB3A8C42627397600751F49 /* AppTextsStyle.swift */,
			);
			path = Styles;
			sourceTree = "<group>";
		};
		8DB655AB24A750B60075A330 /* BaseClasses */ = {
			isa = PBXGroup;
			children = (
				8D4980CF2624A59600DA7E81 /* BaseView */,
				8DB655AC24A750B60075A330 /* Coordinators */,
				8DB655B324A750B60075A330 /* BaseViewController */,
			);
			path = BaseClasses;
			sourceTree = "<group>";
		};
		8DB655AC24A750B60075A330 /* Coordinators */ = {
			isa = PBXGroup;
			children = (
				8DB655AD24A750B60075A330 /* AppCoordinator.swift */,
				8DB655AE24A750B60075A330 /* BaseViewModel.swift */,
				8DB655AF24A750B60075A330 /* Presentable.swift */,
				8DB655B024A750B60075A330 /* NavCoordinator.swift */,
				8DB655B124A750B60075A330 /* BaseCoordinator.swift */,
				8DB655B224A750B60075A330 /* Coordinator.swift */,
			);
			path = Coordinators;
			sourceTree = "<group>";
		};
		8DB655B324A750B60075A330 /* BaseViewController */ = {
			isa = PBXGroup;
			children = (
				8DB655B424A750B60075A330 /* BaseViewController.swift */,
				8DB655B524A750B60075A330 /* BaseNavigationController.swift */,
			);
			path = BaseViewController;
			sourceTree = "<group>";
		};
		8DB655E224A753E40075A330 /* Context */ = {
			isa = PBXGroup;
			children = (
				8DB655E324A753E40075A330 /* Services.swift */,
				8DB655E424A753E40075A330 /* Context.swift */,
				8DB655E524A753E40075A330 /* Services */,
			);
			path = Context;
			sourceTree = "<group>";
		};
		8DB655E524A753E40075A330 /* Services */ = {
			isa = PBXGroup;
			children = (
				8DB656B624A8F3F00075A330 /* ChargerStationsManagementService.swift */,
				8DB656B824A90CCA0075A330 /* FirestoreManagementService.swift */,
				8DB655ED24A753E40075A330 /* LocationService.swift */,
			);
			path = Services;
			sourceTree = "<group>";
		};
		8DB655F824A754250075A330 /* LocationServicesProvider */ = {
			isa = PBXGroup;
			children = (
				8DB655F924A754250075A330 /* LocationServices.swift */,
				8DB655FA24A754250075A330 /* LocationServiceProvider.swift */,
			);
			path = LocationServicesProvider;
			sourceTree = "<group>";
		};
		8DB6566724A757FF0075A330 /* Resources */ = {
			isa = PBXGroup;
			children = (
				8DB6566824A757FF0075A330 /* Generated */,
				8DB6566C24A757FF0075A330 /* Strings */,
				8DB6567C24A758000075A330 /* countries.json */,
				8DC33AC624A66DDA00E404FD /* Assets.xcassets */,
				8DB6566B24A757FF0075A330 /* Colors.xcassets */,
			);
			path = Resources;
			sourceTree = "<group>";
		};
		8DB6566824A757FF0075A330 /* Generated */ = {
			isa = PBXGroup;
			children = (
				8DB6569424A8C7790075A330 /* R.generated.swift */,
			);
			path = Generated;
			sourceTree = "<group>";
		};
		8DB6566C24A757FF0075A330 /* Strings */ = {
			isa = PBXGroup;
			children = (
				8DB6566D24A758000075A330 /* Localizable.strings */,
				8DB6566F24A758000075A330 /* Messages.strings */,
				8DB6567124A758000075A330 /* Common.strings */,
			);
			path = Strings;
			sourceTree = "<group>";
		};
		8DB6569624A8D0FD0075A330 /* NSManagedObjects */ = {
			isa = PBXGroup;
			children = (
				8DB6569724A8D0FD0075A330 /* ChargerStation+CoreDataClass.swift */,
				8DB6569824A8D0FD0075A330 /* ChargerStation+CoreDataProperties.swift */,
			);
			path = NSManagedObjects;
			sourceTree = "<group>";
		};
		8DB6569B24A8D2880075A330 /* ServiceProviders */ = {
			isa = PBXGroup;
			children = (
				8DB6569C24A8D2A50075A330 /* CoreDataProvider */,
				8DB655F824A754250075A330 /* LocationServicesProvider */,
				8DB656C124A911AC0075A330 /* FirebaseServiceProvider */,
			);
			path = ServiceProviders;
			sourceTree = "<group>";
		};
		8DB6569C24A8D2A50075A330 /* CoreDataProvider */ = {
			isa = PBXGroup;
			children = (
				8DC33AC324A66DD600E404FD /* Plugs.xcdatamodeld */,
				8DB656A124A8D2A50075A330 /* DatabaseTasks */,
				8DB6569D24A8D2A50075A330 /* DatabaseServices.swift */,
				8DB6569E24A8D2A50075A330 /* DatabaseTask.swift */,
				8DB656A324A8D2A50075A330 /* DatabaseServiceProvider.swift */,
			);
			path = CoreDataProvider;
			sourceTree = "<group>";
		};
		8DB656A124A8D2A50075A330 /* DatabaseTasks */ = {
			isa = PBXGroup;
			children = (
				8DB656A224A8D2A50075A330 /* SaveRecipeTask.swift */,
			);
			path = DatabaseTasks;
			sourceTree = "<group>";
		};
		8DB656A924A8D3100075A330 /* World */ = {
			isa = PBXGroup;
			children = (
				8DB656B424A8D45E0075A330 /* Environment.swift */,
				8DB656AA24A8D3100075A330 /* World+Setup.swift */,
				8DB656AC24A8D3100075A330 /* LoginSession.swift */,
				8DB656AD24A8D3100075A330 /* World.swift */,
			);
			path = World;
			sourceTree = "<group>";
		};
		8DB656C124A911AC0075A330 /* FirebaseServiceProvider */ = {
			isa = PBXGroup;
			children = (
				8D3B19BA24A9289F00B0629E /* FirebaseManagementServices.swift */,
				8DB656BF24A911A50075A330 /* FirebaseManagementServiceProvider.swift */,
			);
			path = FirebaseServiceProvider;
			sourceTree = "<group>";
		};
		8DC33AAE24A66DD600E404FD = {
			isa = PBXGroup;
			children = (
				8DC33AB924A66DD600E404FD /* Plugs */,
				8DC33AD324A66DDA00E404FD /* PlugsTests */,
				8DC33AB824A66DD600E404FD /* Products */,
				CEA9650715003CAB63C4A021 /* Pods */,
				F74819A45168C001CD0F6E56 /* Frameworks */,
			);
			sourceTree = "<group>";
		};
		8DC33AB824A66DD600E404FD /* Products */ = {
			isa = PBXGroup;
			children = (
				8DC33AB724A66DD600E404FD /* Plugs.app */,
				8DC33AD024A66DDA00E404FD /* PlugsTests.xctest */,
			);
			name = Products;
			sourceTree = "<group>";
		};
		8DC33AB924A66DD600E404FD /* Plugs */ = {
			isa = PBXGroup;
			children = (
				8DC33ABA24A66DD600E404FD /* AppDelegate.swift */,
				8DC33ABC24A66DD600E404FD /* SceneDelegate.swift */,
				8DB6569B24A8D2880075A330 /* ServiceProviders */,
				8DB655E224A753E40075A330 /* Context */,
				8DB656A924A8D3100075A330 /* World */,
				8DB655AB24A750B60075A330 /* BaseClasses */,
				8D3B19BC24A9295E00B0629E /* Utilities */,
				8DC33AE124A74F8500E404FD /* Scenes */,
				8D3B19EE24A92F9400B0629E /* Model */,
				8DB6566724A757FF0075A330 /* Resources */,
				8DC33AC824A66DDA00E404FD /* LaunchScreen.storyboard */,
				8DC33ACB24A66DDA00E404FD /* Info.plist */,
				8DB656BB24A910440075A330 /* GoogleService-Info.plist */,
			);
			path = Plugs;
			sourceTree = "<group>";
		};
		8DC33AD324A66DDA00E404FD /* PlugsTests */ = {
			isa = PBXGroup;
			children = (
				8DC33AD424A66DDA00E404FD /* PlugsTests.swift */,
				8DC33AD624A66DDA00E404FD /* Info.plist */,
			);
			path = PlugsTests;
			sourceTree = "<group>";
		};
		8DC33AE124A74F8500E404FD /* Scenes */ = {
			isa = PBXGroup;
			children = (
				8DB3A8A3262738A100751F49 /* CommonViews */,
				8DC33AE224A74F8E00E404FD /* MainView */,
				8DB3A85D2627356A00751F49 /* LeftMenuView */,
			);
			path = Scenes;
			sourceTree = "<group>";
		};
		8DC33AE224A74F8E00E404FD /* MainView */ = {
			isa = PBXGroup;
			children = (
				8DAB116E24AA0C5B00E56CE0 /* Views */,
				8DC33ABE24A66DD600E404FD /* MainViewController.swift */,
				8DC33ADF24A74F8100E404FD /* MainViewViewModel.swift */,
				8DC33AE324A74FA700E404FD /* MainViewCoordinator.swift */,
			);
			path = MainView;
			sourceTree = "<group>";
		};
		CEA9650715003CAB63C4A021 /* Pods */ = {
			isa = PBXGroup;
			children = (
				B3B1BE246852C00AD9F78372 /* Pods-Plugs.debug.xcconfig */,
				3FBC0C897F401BBB2EB6941A /* Pods-Plugs.release.xcconfig */,
				F758CB226629B6E63C25C86E /* Pods-PlugsTests.debug.xcconfig */,
				4052F17CD2270C59FFF04F97 /* Pods-PlugsTests.release.xcconfig */,
			);
			path = Pods;
			sourceTree = "<group>";
		};
		F74819A45168C001CD0F6E56 /* Frameworks */ = {
			isa = PBXGroup;
			children = (
				1226A335C95A0A5ACBCD2621 /* Pods_Plugs.framework */,
				B634B2B23D7E77896B62618C /* Pods_PlugsTests.framework */,
			);
			name = Frameworks;
			sourceTree = "<group>";
		};
/* End PBXGroup section */

/* Begin PBXNativeTarget section */
		8DC33AB624A66DD600E404FD /* Plugs */ = {
			isa = PBXNativeTarget;
			buildConfigurationList = 8DC33AD924A66DDA00E404FD /* Build configuration list for PBXNativeTarget "Plugs" */;
			buildPhases = (
				D116FAD9CFEEB9ABEC188F25 /* [CP] Check Pods Manifest.lock */,
				8DB655FD24A755A60075A330 /* R */,
				8DB656BA24A90F210075A330 /* SwiftLint */,
				8DC33AB324A66DD600E404FD /* Sources */,
				8DC33AB424A66DD600E404FD /* Frameworks */,
				8DC33AB524A66DD600E404FD /* Resources */,
				61C73E7973E54C0724CD0A7A /* [CP] Embed Pods Frameworks */,
				1ACF6EDA1C940785EBF17357 /* [CP] Copy Pods Resources */,
			);
			buildRules = (
			);
			dependencies = (
			);
			name = Plugs;
			productName = Plugs;
			productReference = 8DC33AB724A66DD600E404FD /* Plugs.app */;
			productType = "com.apple.product-type.application";
		};
		8DC33ACF24A66DDA00E404FD /* PlugsTests */ = {
			isa = PBXNativeTarget;
			buildConfigurationList = 8DC33ADC24A66DDA00E404FD /* Build configuration list for PBXNativeTarget "PlugsTests" */;
			buildPhases = (
				E4A1387908D920595D609BF7 /* [CP] Check Pods Manifest.lock */,
				8DC33ACC24A66DDA00E404FD /* Sources */,
				8DC33ACD24A66DDA00E404FD /* Frameworks */,
				8DC33ACE24A66DDA00E404FD /* Resources */,
			);
			buildRules = (
			);
			dependencies = (
				8DC33AD224A66DDA00E404FD /* PBXTargetDependency */,
			);
			name = PlugsTests;
			productName = PlugsTests;
			productReference = 8DC33AD024A66DDA00E404FD /* PlugsTests.xctest */;
			productType = "com.apple.product-type.bundle.unit-test";
		};
/* End PBXNativeTarget section */

/* Begin PBXProject section */
		8DC33AAF24A66DD600E404FD /* Project object */ = {
			isa = PBXProject;
			attributes = {
				LastSwiftUpdateCheck = 1150;
				LastUpgradeCheck = 1150;
				ORGANIZATIONNAME = "Garnik Ghazaryan";
				TargetAttributes = {
					8DC33AB624A66DD600E404FD = {
						CreatedOnToolsVersion = 11.5;
					};
					8DC33ACF24A66DDA00E404FD = {
						CreatedOnToolsVersion = 11.5;
						TestTargetID = 8DC33AB624A66DD600E404FD;
					};
				};
			};
			buildConfigurationList = 8DC33AB224A66DD600E404FD /* Build configuration list for PBXProject "Plugs" */;
			compatibilityVersion = "Xcode 9.3";
			developmentRegion = en;
			hasScannedForEncodings = 0;
			knownRegions = (
				en,
				Base,
				hy,
				ru,
			);
			mainGroup = 8DC33AAE24A66DD600E404FD;
			productRefGroup = 8DC33AB824A66DD600E404FD /* Products */;
			projectDirPath = "";
			projectRoot = "";
			targets = (
				8DC33AB624A66DD600E404FD /* Plugs */,
				8DC33ACF24A66DDA00E404FD /* PlugsTests */,
			);
		};
/* End PBXProject section */

/* Begin PBXResourcesBuildPhase section */
		8DC33AB524A66DD600E404FD /* Resources */ = {
			isa = PBXResourcesBuildPhase;
			buildActionMask = 2147483647;
			files = (
				8DB6568624A758000075A330 /* Colors.xcassets in Resources */,
				8DB6568724A758000075A330 /* Localizable.strings in Resources */,
				8DB656BC24A910440075A330 /* GoogleService-Info.plist in Resources */,
				8DB6568824A758000075A330 /* Messages.strings in Resources */,
				8DB6568D24A758000075A330 /* countries.json in Resources */,
				8DC33ACA24A66DDA00E404FD /* LaunchScreen.storyboard in Resources */,
				8DC33AC724A66DDA00E404FD /* Assets.xcassets in Resources */,
				8DB6568924A758000075A330 /* Common.strings in Resources */,
			);
			runOnlyForDeploymentPostprocessing = 0;
		};
		8DC33ACE24A66DDA00E404FD /* Resources */ = {
			isa = PBXResourcesBuildPhase;
			buildActionMask = 2147483647;
			files = (
			);
			runOnlyForDeploymentPostprocessing = 0;
		};
/* End PBXResourcesBuildPhase section */

/* Begin PBXShellScriptBuildPhase section */
		1ACF6EDA1C940785EBF17357 /* [CP] Copy Pods Resources */ = {
			isa = PBXShellScriptBuildPhase;
			buildActionMask = 2147483647;
			files = (
			);
			inputFileListPaths = (
				"${PODS_ROOT}/Target Support Files/Pods-Plugs/Pods-Plugs-resources-${CONFIGURATION}-input-files.xcfilelist",
			);
			name = "[CP] Copy Pods Resources";
			outputFileListPaths = (
				"${PODS_ROOT}/Target Support Files/Pods-Plugs/Pods-Plugs-resources-${CONFIGURATION}-output-files.xcfilelist",
			);
			runOnlyForDeploymentPostprocessing = 0;
			shellPath = /bin/sh;
			shellScript = "\"${PODS_ROOT}/Target Support Files/Pods-Plugs/Pods-Plugs-resources.sh\"\n";
			showEnvVarsInLog = 0;
		};
		61C73E7973E54C0724CD0A7A /* [CP] Embed Pods Frameworks */ = {
			isa = PBXShellScriptBuildPhase;
			buildActionMask = 2147483647;
			files = (
			);
			inputFileListPaths = (
				"${PODS_ROOT}/Target Support Files/Pods-Plugs/Pods-Plugs-frameworks-${CONFIGURATION}-input-files.xcfilelist",
			);
			name = "[CP] Embed Pods Frameworks";
			outputFileListPaths = (
				"${PODS_ROOT}/Target Support Files/Pods-Plugs/Pods-Plugs-frameworks-${CONFIGURATION}-output-files.xcfilelist",
			);
			runOnlyForDeploymentPostprocessing = 0;
			shellPath = /bin/sh;
			shellScript = "\"${PODS_ROOT}/Target Support Files/Pods-Plugs/Pods-Plugs-frameworks.sh\"\n";
			showEnvVarsInLog = 0;
		};
		8DB655FD24A755A60075A330 /* R */ = {
			isa = PBXShellScriptBuildPhase;
			buildActionMask = 2147483647;
			files = (
			);
			inputFileListPaths = (
			);
			inputPaths = (
				"$TEMP_DIR/rswift-lastrun",
			);
			name = R;
			outputFileListPaths = (
			);
			outputPaths = (
				"$(SRCROOT)/$(PROJECT_NAME)/Resources/Generated/R.generated.swift",
			);
			runOnlyForDeploymentPostprocessing = 0;
			shellPath = /bin/sh;
			shellScript = "# Type a script or drag a script file from your workspace to insert its path.\necho $SRCROOT\n\"$SRCROOT/Pods/R.swift/rswift\" generate \"$SRCROOT/$PROJECT_NAME/Resources/Generated/R.generated.swift\"\n";
		};
		8DB656BA24A90F210075A330 /* SwiftLint */ = {
			isa = PBXShellScriptBuildPhase;
			buildActionMask = 2147483647;
			files = (
			);
			inputFileListPaths = (
			);
			inputPaths = (
			);
			name = SwiftLint;
			outputFileListPaths = (
			);
			outputPaths = (
			);
			runOnlyForDeploymentPostprocessing = 0;
			shellPath = /bin/sh;
			shellScript = "# Type a script or drag a script file from your workspace to insert its path.\nif [ -z \"$CI\" ]; then \n\"${PODS_ROOT}/SwiftLint/swiftlint\" \nfi\n";
		};
		D116FAD9CFEEB9ABEC188F25 /* [CP] Check Pods Manifest.lock */ = {
			isa = PBXShellScriptBuildPhase;
			buildActionMask = 2147483647;
			files = (
			);
			inputFileListPaths = (
			);
			inputPaths = (
				"${PODS_PODFILE_DIR_PATH}/Podfile.lock",
				"${PODS_ROOT}/Manifest.lock",
			);
			name = "[CP] Check Pods Manifest.lock";
			outputFileListPaths = (
			);
			outputPaths = (
				"$(DERIVED_FILE_DIR)/Pods-Plugs-checkManifestLockResult.txt",
			);
			runOnlyForDeploymentPostprocessing = 0;
			shellPath = /bin/sh;
			shellScript = "diff \"${PODS_PODFILE_DIR_PATH}/Podfile.lock\" \"${PODS_ROOT}/Manifest.lock\" > /dev/null\nif [ $? != 0 ] ; then\n    # print error to STDERR\n    echo \"error: The sandbox is not in sync with the Podfile.lock. Run 'pod install' or update your CocoaPods installation.\" >&2\n    exit 1\nfi\n# This output is used by Xcode 'outputs' to avoid re-running this script phase.\necho \"SUCCESS\" > \"${SCRIPT_OUTPUT_FILE_0}\"\n";
			showEnvVarsInLog = 0;
		};
		E4A1387908D920595D609BF7 /* [CP] Check Pods Manifest.lock */ = {
			isa = PBXShellScriptBuildPhase;
			buildActionMask = 2147483647;
			files = (
			);
			inputFileListPaths = (
			);
			inputPaths = (
				"${PODS_PODFILE_DIR_PATH}/Podfile.lock",
				"${PODS_ROOT}/Manifest.lock",
			);
			name = "[CP] Check Pods Manifest.lock";
			outputFileListPaths = (
			);
			outputPaths = (
				"$(DERIVED_FILE_DIR)/Pods-PlugsTests-checkManifestLockResult.txt",
			);
			runOnlyForDeploymentPostprocessing = 0;
			shellPath = /bin/sh;
			shellScript = "diff \"${PODS_PODFILE_DIR_PATH}/Podfile.lock\" \"${PODS_ROOT}/Manifest.lock\" > /dev/null\nif [ $? != 0 ] ; then\n    # print error to STDERR\n    echo \"error: The sandbox is not in sync with the Podfile.lock. Run 'pod install' or update your CocoaPods installation.\" >&2\n    exit 1\nfi\n# This output is used by Xcode 'outputs' to avoid re-running this script phase.\necho \"SUCCESS\" > \"${SCRIPT_OUTPUT_FILE_0}\"\n";
			showEnvVarsInLog = 0;
		};
/* End PBXShellScriptBuildPhase section */

/* Begin PBXSourcesBuildPhase section */
		8DC33AB324A66DD600E404FD /* Sources */ = {
			isa = PBXSourcesBuildPhase;
			buildActionMask = 2147483647;
			files = (
				8DB656B024A8D3100075A330 /* LoginSession.swift in Sources */,
				8DB655D224A750B70075A330 /* BaseViewController.swift in Sources */,
				8DB3A8BF2627391200751F49 /* BaseTextField.swift in Sources */,
				8DB655FC24A754250075A330 /* LocationServiceProvider.swift in Sources */,
				8DC33ABF24A66DD600E404FD /* MainViewController.swift in Sources */,
				8DB656A424A8D2A50075A330 /* DatabaseServices.swift in Sources */,
				8DB3A8BD2627391200751F49 /* PinTextField.swift in Sources */,
				8DB3A86E2627368600751F49 /* BaseCollectionViewCell.swift in Sources */,
				8DB3A8592627356500751F49 /* LeftMenuViewViewModel.swift in Sources */,
				8DB3A8B92627391200751F49 /* AppButton.swift in Sources */,
				8DB3A86C2627368600751F49 /* GenericCollectionViewCell.swift in Sources */,
				8D3B19E824A9295F00B0629E /* Utils.swift in Sources */,
				8DC33AC524A66DD600E404FD /* Plugs.xcdatamodeld in Sources */,
				8DB656B724A8F3F00075A330 /* ChargerStationsManagementService.swift in Sources */,
				8DB3A8BC2627391200751F49 /* BaseImageView.swift in Sources */,
				8DC33ABB24A66DD600E404FD /* AppDelegate.swift in Sources */,
				8D3B19E024A9295F00B0629E /* UserDefault.swift in Sources */,
				8DC33AE024A74F8100E404FD /* MainViewViewModel.swift in Sources */,
				8D3B19BB24A9289F00B0629E /* FirebaseManagementServices.swift in Sources */,
				8D4981082624AEC600DA7E81 /* MapViewViewModel.swift in Sources */,
				8DB655CF24A750B70075A330 /* NavCoordinator.swift in Sources */,
				8D35165B26273AF80028DE7B /* CellItemObject.swift in Sources */,
				8DB6569A24A8D0FD0075A330 /* ChargerStation+CoreDataProperties.swift in Sources */,
				8D3B19E324A9295F00B0629E /* HTMLBuilder.swift in Sources */,
				8DB3A85A2627356500751F49 /* LeftMenuViewController.swift in Sources */,
				8DB6569524A8C7790075A330 /* R.generated.swift in Sources */,
				8D3B19E424A9295F00B0629E /* OptionalProtocol.swift in Sources */,
				8DB3A8B82627391200751F49 /* CheckboxButton.swift in Sources */,
				8DB655F724A753E40075A330 /* LocationService.swift in Sources */,
				8DC33AE424A74FA700E404FD /* MainViewCoordinator.swift in Sources */,
				8DB3A8BA2627391200751F49 /* BaseButton.swift in Sources */,
				8DB655CD24A750B70075A330 /* BaseViewModel.swift in Sources */,
				8D3B19E524A9295F00B0629E /* ReusableCell.swift in Sources */,
				8DB3A8C02627391200751F49 /* AppLabel.swift in Sources */,
				8DB656AE24A8D3100075A330 /* World+Setup.swift in Sources */,
				8DB3A8C52627397600751F49 /* AppTextsStyle.swift in Sources */,
				8DB3A86D2627368600751F49 /* BaseTableViewCell.swift in Sources */,
				8D3B19EC24A9295F00B0629E /* Lazy.swift in Sources */,
				8D3B19E124A9295F00B0629E /* UserDefaultSuit.swift in Sources */,
				8D35165526273AE80028DE7B /* BaseCellItemObject.swift in Sources */,
				8DB3A8C12627391200751F49 /* BaseLabel.swift in Sources */,
				8DB656A724A8D2A50075A330 /* SaveRecipeTask.swift in Sources */,
				8D3B19E924A9295F00B0629E /* With.swift in Sources */,
				8DAB116B24A930D100E56CE0 /* ChargerStationObject.swift in Sources */,
				8DB656C024A911A50075A330 /* FirebaseManagementServiceProvider.swift in Sources */,
				8DB656A524A8D2A50075A330 /* DatabaseTask.swift in Sources */,
				8D3B19DF24A9295F00B0629E /* Extensions.swift in Sources */,
				8DB655D324A750B70075A330 /* BaseNavigationController.swift in Sources */,
				8DB655FB24A754250075A330 /* LocationServices.swift in Sources */,
				8DB3A8A02627389B00751F49 /* CommonTableViewCell.swift in Sources */,
				8DB656B524A8D45E0075A330 /* Environment.swift in Sources */,
				8DAB116D24AA0C5400E56CE0 /* ChargerStationAnnotation.swift in Sources */,
				8DC33ABD24A66DD600E404FD /* SceneDelegate.swift in Sources */,
				8DB655EE24A753E40075A330 /* Services.swift in Sources */,
				8DB655D124A750B70075A330 /* Coordinator.swift in Sources */,
				8DB3A8582627356500751F49 /* LeftMenuViewCoordinator.swift in Sources */,
				8D4980FC2624A64B00DA7E81 /* BaseView.swift in Sources */,
				8D35165826273AF50028DE7B /* BaseSectionDataObject.swift in Sources */,
				8DB3A86F2627368600751F49 /* GenericTableViewCell.swift in Sources */,
				8D4980CC2624A57200DA7E81 /* MapView.swift in Sources */,
				8D3B19E624A9295F00B0629E /* PropertyIteratable.swift in Sources */,
				8D4980FD2624A64B00DA7E81 /* ChargeProgressView.swift in Sources */,
				8DB656B924A90CCA0075A330 /* FirestoreManagementService.swift in Sources */,
				8DB3A8BB2627391200751F49 /* AppImageView.swift in Sources */,
				8DB655CC24A750B70075A330 /* AppCoordinator.swift in Sources */,
				8DB656B124A8D3100075A330 /* World.swift in Sources */,
				8D3B19E224A9295F00B0629E /* CodableUserDefaults.swift in Sources */,
				8DB6569924A8D0FD0075A330 /* ChargerStation+CoreDataClass.swift in Sources */,
				8D3B19EA24A9295F00B0629E /* R+Extension.swift in Sources */,
				8DB655EF24A753E40075A330 /* Context.swift in Sources */,
				8DB656A824A8D2A50075A330 /* DatabaseServiceProvider.swift in Sources */,
				8D4980FA2624A64B00DA7E81 /* AppView.swift in Sources */,
				8DB655D024A750B70075A330 /* BaseCoordinator.swift in Sources */,
				8D3B19ED24A9295F00B0629E /* Reactive+Extension.swift in Sources */,
				8DB655CE24A750B70075A330 /* Presentable.swift in Sources */,
				8DB3A8BE2627391200751F49 /* AppTextField.swift in Sources */,
			);
			runOnlyForDeploymentPostprocessing = 0;
		};
		8DC33ACC24A66DDA00E404FD /* Sources */ = {
			isa = PBXSourcesBuildPhase;
			buildActionMask = 2147483647;
			files = (
				8DC33AD524A66DDA00E404FD /* PlugsTests.swift in Sources */,
			);
			runOnlyForDeploymentPostprocessing = 0;
		};
/* End PBXSourcesBuildPhase section */

/* Begin PBXTargetDependency section */
		8DC33AD224A66DDA00E404FD /* PBXTargetDependency */ = {
			isa = PBXTargetDependency;
			target = 8DC33AB624A66DD600E404FD /* Plugs */;
			targetProxy = 8DC33AD124A66DDA00E404FD /* PBXContainerItemProxy */;
		};
/* End PBXTargetDependency section */

/* Begin PBXVariantGroup section */
		8DB6566D24A758000075A330 /* Localizable.strings */ = {
			isa = PBXVariantGroup;
			children = (
				8DB6566E24A758000075A330 /* en */,
				8DB6567324A758000075A330 /* hy */,
				8DB6567624A758000075A330 /* ru */,
			);
			name = Localizable.strings;
			sourceTree = "<group>";
		};
		8DB6566F24A758000075A330 /* Messages.strings */ = {
			isa = PBXVariantGroup;
			children = (
				8DB6567024A758000075A330 /* en */,
				8DB6567424A758000075A330 /* hy */,
				8DB6567724A758000075A330 /* ru */,
			);
			name = Messages.strings;
			sourceTree = "<group>";
		};
		8DB6567124A758000075A330 /* Common.strings */ = {
			isa = PBXVariantGroup;
			children = (
				8DB6567224A758000075A330 /* en */,
				8DB6567524A758000075A330 /* hy */,
				8DB6567824A758000075A330 /* ru */,
			);
			name = Common.strings;
			sourceTree = "<group>";
		};
		8DC33AC824A66DDA00E404FD /* LaunchScreen.storyboard */ = {
			isa = PBXVariantGroup;
			children = (
				8DC33AC924A66DDA00E404FD /* Base */,
			);
			name = LaunchScreen.storyboard;
			sourceTree = "<group>";
		};
/* End PBXVariantGroup section */

/* Begin XCBuildConfiguration section */
		8DC33AD724A66DDA00E404FD /* Debug */ = {
			isa = XCBuildConfiguration;
			buildSettings = {
				ALWAYS_SEARCH_USER_PATHS = NO;
				CLANG_ANALYZER_NONNULL = YES;
				CLANG_ANALYZER_NUMBER_OBJECT_CONVERSION = YES_AGGRESSIVE;
				CLANG_CXX_LANGUAGE_STANDARD = "gnu++14";
				CLANG_CXX_LIBRARY = "libc++";
				CLANG_ENABLE_MODULES = YES;
				CLANG_ENABLE_OBJC_ARC = YES;
				CLANG_ENABLE_OBJC_WEAK = YES;
				CLANG_WARN_BLOCK_CAPTURE_AUTORELEASING = YES;
				CLANG_WARN_BOOL_CONVERSION = YES;
				CLANG_WARN_COMMA = YES;
				CLANG_WARN_CONSTANT_CONVERSION = YES;
				CLANG_WARN_DEPRECATED_OBJC_IMPLEMENTATIONS = YES;
				CLANG_WARN_DIRECT_OBJC_ISA_USAGE = YES_ERROR;
				CLANG_WARN_DOCUMENTATION_COMMENTS = YES;
				CLANG_WARN_EMPTY_BODY = YES;
				CLANG_WARN_ENUM_CONVERSION = YES;
				CLANG_WARN_INFINITE_RECURSION = YES;
				CLANG_WARN_INT_CONVERSION = YES;
				CLANG_WARN_NON_LITERAL_NULL_CONVERSION = YES;
				CLANG_WARN_OBJC_IMPLICIT_RETAIN_SELF = YES;
				CLANG_WARN_OBJC_LITERAL_CONVERSION = YES;
				CLANG_WARN_OBJC_ROOT_CLASS = YES_ERROR;
				CLANG_WARN_RANGE_LOOP_ANALYSIS = YES;
				CLANG_WARN_STRICT_PROTOTYPES = YES;
				CLANG_WARN_SUSPICIOUS_MOVE = YES;
				CLANG_WARN_UNGUARDED_AVAILABILITY = YES_AGGRESSIVE;
				CLANG_WARN_UNREACHABLE_CODE = YES;
				CLANG_WARN__DUPLICATE_METHOD_MATCH = YES;
				COPY_PHASE_STRIP = NO;
				DEBUG_INFORMATION_FORMAT = dwarf;
				ENABLE_STRICT_OBJC_MSGSEND = YES;
				ENABLE_TESTABILITY = YES;
				GCC_C_LANGUAGE_STANDARD = gnu11;
				GCC_DYNAMIC_NO_PIC = NO;
				GCC_NO_COMMON_BLOCKS = YES;
				GCC_OPTIMIZATION_LEVEL = 0;
				GCC_PREPROCESSOR_DEFINITIONS = (
					"DEBUG=1",
					"$(inherited)",
				);
				GCC_WARN_64_TO_32_BIT_CONVERSION = YES;
				GCC_WARN_ABOUT_RETURN_TYPE = YES_ERROR;
				GCC_WARN_UNDECLARED_SELECTOR = YES;
				GCC_WARN_UNINITIALIZED_AUTOS = YES_AGGRESSIVE;
				GCC_WARN_UNUSED_FUNCTION = YES;
				GCC_WARN_UNUSED_VARIABLE = YES;
				IPHONEOS_DEPLOYMENT_TARGET = 13.0;
				MTL_ENABLE_DEBUG_INFO = INCLUDE_SOURCE;
				MTL_FAST_MATH = YES;
				ONLY_ACTIVE_ARCH = YES;
				SDKROOT = iphoneos;
				SWIFT_ACTIVE_COMPILATION_CONDITIONS = DEBUG;
				SWIFT_OPTIMIZATION_LEVEL = "-Onone";
			};
			name = Debug;
		};
		8DC33AD824A66DDA00E404FD /* Release */ = {
			isa = XCBuildConfiguration;
			buildSettings = {
				ALWAYS_SEARCH_USER_PATHS = NO;
				CLANG_ANALYZER_NONNULL = YES;
				CLANG_ANALYZER_NUMBER_OBJECT_CONVERSION = YES_AGGRESSIVE;
				CLANG_CXX_LANGUAGE_STANDARD = "gnu++14";
				CLANG_CXX_LIBRARY = "libc++";
				CLANG_ENABLE_MODULES = YES;
				CLANG_ENABLE_OBJC_ARC = YES;
				CLANG_ENABLE_OBJC_WEAK = YES;
				CLANG_WARN_BLOCK_CAPTURE_AUTORELEASING = YES;
				CLANG_WARN_BOOL_CONVERSION = YES;
				CLANG_WARN_COMMA = YES;
				CLANG_WARN_CONSTANT_CONVERSION = YES;
				CLANG_WARN_DEPRECATED_OBJC_IMPLEMENTATIONS = YES;
				CLANG_WARN_DIRECT_OBJC_ISA_USAGE = YES_ERROR;
				CLANG_WARN_DOCUMENTATION_COMMENTS = YES;
				CLANG_WARN_EMPTY_BODY = YES;
				CLANG_WARN_ENUM_CONVERSION = YES;
				CLANG_WARN_INFINITE_RECURSION = YES;
				CLANG_WARN_INT_CONVERSION = YES;
				CLANG_WARN_NON_LITERAL_NULL_CONVERSION = YES;
				CLANG_WARN_OBJC_IMPLICIT_RETAIN_SELF = YES;
				CLANG_WARN_OBJC_LITERAL_CONVERSION = YES;
				CLANG_WARN_OBJC_ROOT_CLASS = YES_ERROR;
				CLANG_WARN_RANGE_LOOP_ANALYSIS = YES;
				CLANG_WARN_STRICT_PROTOTYPES = YES;
				CLANG_WARN_SUSPICIOUS_MOVE = YES;
				CLANG_WARN_UNGUARDED_AVAILABILITY = YES_AGGRESSIVE;
				CLANG_WARN_UNREACHABLE_CODE = YES;
				CLANG_WARN__DUPLICATE_METHOD_MATCH = YES;
				COPY_PHASE_STRIP = NO;
				DEBUG_INFORMATION_FORMAT = "dwarf-with-dsym";
				ENABLE_NS_ASSERTIONS = NO;
				ENABLE_STRICT_OBJC_MSGSEND = YES;
				GCC_C_LANGUAGE_STANDARD = gnu11;
				GCC_NO_COMMON_BLOCKS = YES;
				GCC_WARN_64_TO_32_BIT_CONVERSION = YES;
				GCC_WARN_ABOUT_RETURN_TYPE = YES_ERROR;
				GCC_WARN_UNDECLARED_SELECTOR = YES;
				GCC_WARN_UNINITIALIZED_AUTOS = YES_AGGRESSIVE;
				GCC_WARN_UNUSED_FUNCTION = YES;
				GCC_WARN_UNUSED_VARIABLE = YES;
				IPHONEOS_DEPLOYMENT_TARGET = 13.0;
				MTL_ENABLE_DEBUG_INFO = NO;
				MTL_FAST_MATH = YES;
				SDKROOT = iphoneos;
				SWIFT_COMPILATION_MODE = wholemodule;
				SWIFT_OPTIMIZATION_LEVEL = "-O";
				VALIDATE_PRODUCT = YES;
			};
			name = Release;
		};
		8DC33ADA24A66DDA00E404FD /* Debug */ = {
			isa = XCBuildConfiguration;
			baseConfigurationReference = B3B1BE246852C00AD9F78372 /* Pods-Plugs.debug.xcconfig */;
			buildSettings = {
				ASSETCATALOG_COMPILER_APPICON_NAME = AppIcon;
				CODE_SIGN_STYLE = Automatic;
				DEVELOPMENT_TEAM = 6584CQPR8Q;
				INFOPLIST_FILE = Plugs/Info.plist;
				LD_RUNPATH_SEARCH_PATHS = (
					"$(inherited)",
					"@executable_path/Frameworks",
				);
				PRODUCT_BUNDLE_IDENTIFIER = am.Plug.am.Plugs;
				PRODUCT_NAME = "$(TARGET_NAME)";
				SWIFT_VERSION = 5.0;
				TARGETED_DEVICE_FAMILY = 1;
			};
			name = Debug;
		};
		8DC33ADB24A66DDA00E404FD /* Release */ = {
			isa = XCBuildConfiguration;
			baseConfigurationReference = 3FBC0C897F401BBB2EB6941A /* Pods-Plugs.release.xcconfig */;
			buildSettings = {
				ASSETCATALOG_COMPILER_APPICON_NAME = AppIcon;
				CODE_SIGN_STYLE = Automatic;
				DEVELOPMENT_TEAM = 6584CQPR8Q;
				INFOPLIST_FILE = Plugs/Info.plist;
				LD_RUNPATH_SEARCH_PATHS = (
					"$(inherited)",
					"@executable_path/Frameworks",
				);
				PRODUCT_BUNDLE_IDENTIFIER = am.Plug.am.Plugs;
				PRODUCT_NAME = "$(TARGET_NAME)";
				SWIFT_VERSION = 5.0;
				TARGETED_DEVICE_FAMILY = 1;
			};
			name = Release;
		};
		8DC33ADD24A66DDA00E404FD /* Debug */ = {
			isa = XCBuildConfiguration;
			baseConfigurationReference = F758CB226629B6E63C25C86E /* Pods-PlugsTests.debug.xcconfig */;
			buildSettings = {
				ALWAYS_EMBED_SWIFT_STANDARD_LIBRARIES = YES;
				BUNDLE_LOADER = "$(TEST_HOST)";
				CODE_SIGN_STYLE = Automatic;
				DEVELOPMENT_TEAM = 6584CQPR8Q;
				INFOPLIST_FILE = PlugsTests/Info.plist;
				IPHONEOS_DEPLOYMENT_TARGET = 13.5;
				LD_RUNPATH_SEARCH_PATHS = (
					"$(inherited)",
					"@executable_path/Frameworks",
					"@loader_path/Frameworks",
				);
				PRODUCT_BUNDLE_IDENTIFIER = Plug.am.PlugsTests;
				PRODUCT_NAME = "$(TARGET_NAME)";
				SWIFT_VERSION = 5.0;
				TARGETED_DEVICE_FAMILY = "1,2";
				TEST_HOST = "$(BUILT_PRODUCTS_DIR)/Plugs.app/Plugs";
			};
			name = Debug;
		};
		8DC33ADE24A66DDA00E404FD /* Release */ = {
			isa = XCBuildConfiguration;
			baseConfigurationReference = 4052F17CD2270C59FFF04F97 /* Pods-PlugsTests.release.xcconfig */;
			buildSettings = {
				ALWAYS_EMBED_SWIFT_STANDARD_LIBRARIES = YES;
				BUNDLE_LOADER = "$(TEST_HOST)";
				CODE_SIGN_STYLE = Automatic;
				DEVELOPMENT_TEAM = 6584CQPR8Q;
				INFOPLIST_FILE = PlugsTests/Info.plist;
				IPHONEOS_DEPLOYMENT_TARGET = 13.5;
				LD_RUNPATH_SEARCH_PATHS = (
					"$(inherited)",
					"@executable_path/Frameworks",
					"@loader_path/Frameworks",
				);
				PRODUCT_BUNDLE_IDENTIFIER = Plug.am.PlugsTests;
				PRODUCT_NAME = "$(TARGET_NAME)";
				SWIFT_VERSION = 5.0;
				TARGETED_DEVICE_FAMILY = "1,2";
				TEST_HOST = "$(BUILT_PRODUCTS_DIR)/Plugs.app/Plugs";
			};
			name = Release;
		};
/* End XCBuildConfiguration section */

/* Begin XCConfigurationList section */
		8DC33AB224A66DD600E404FD /* Build configuration list for PBXProject "Plugs" */ = {
			isa = XCConfigurationList;
			buildConfigurations = (
				8DC33AD724A66DDA00E404FD /* Debug */,
				8DC33AD824A66DDA00E404FD /* Release */,
			);
			defaultConfigurationIsVisible = 0;
			defaultConfigurationName = Release;
		};
		8DC33AD924A66DDA00E404FD /* Build configuration list for PBXNativeTarget "Plugs" */ = {
			isa = XCConfigurationList;
			buildConfigurations = (
				8DC33ADA24A66DDA00E404FD /* Debug */,
				8DC33ADB24A66DDA00E404FD /* Release */,
			);
			defaultConfigurationIsVisible = 0;
			defaultConfigurationName = Release;
		};
		8DC33ADC24A66DDA00E404FD /* Build configuration list for PBXNativeTarget "PlugsTests" */ = {
			isa = XCConfigurationList;
			buildConfigurations = (
				8DC33ADD24A66DDA00E404FD /* Debug */,
				8DC33ADE24A66DDA00E404FD /* Release */,
			);
			defaultConfigurationIsVisible = 0;
			defaultConfigurationName = Release;
		};
/* End XCConfigurationList section */

/* Begin XCVersionGroup section */
		8DC33AC324A66DD600E404FD /* Plugs.xcdatamodeld */ = {
			isa = XCVersionGroup;
			children = (
				8DC33AC424A66DD600E404FD /* Plugs.xcdatamodel */,
			);
			currentVersion = 8DC33AC424A66DD600E404FD /* Plugs.xcdatamodel */;
			path = Plugs.xcdatamodeld;
			sourceTree = "<group>";
			versionGroupType = wrapper.xcdatamodel;
		};
/* End XCVersionGroup section */
	};
	rootObject = 8DC33AAF24A66DD600E404FD /* Project object */;
}
